{"is_source_file": false, "format": "", "description": "", "external_files": [], "external_methods": [], "published": [], "classes": [], "methods": [], "calls": [], "search-terms": [], "state": 2, "file_id": 22, "knowledge_revision": 45, "git_revision": "3a654afee2cb74813809803a22d536f17745d743", "hash": "e9b4c3b42cef0193b7fddb548d37e652", "format-version": 4, "code-base-name": "default", "filename": "voice_monitor_backend_workspace/voice_monitor_backend/post_process_status.lock", "revision_history": [{"45": "3a654afee2cb74813809803a22d536f17745d743"}]}